
Microsoft Visual Studio Solution File, Format Version 12.00
# Visual Studio Version 16
VisualStudioVersion = 16.0.30011.22
MinimumVisualStudioVersion = 10.0.40219.1
Project("{9A19103F-16F7-4668-BE54-9A1E7A4F7556}") = "APP", "crmnext\APP.csproj", "{A5369B7F-5D38-44E4-B58F-EBBFF5804EAA}"
	ProjectSection(ProjectDependencies) = postProject
		{770EA0FB-B73D-4D43-957C-49B8548972B1} = {770EA0FB-B73D-4D43-957C-49B8548972B1}
	EndProjectSection
EndProject
Project("{FAE04EC0-301F-11D3-BF4B-00C04F79EFBC}") = "IDAL", "IDAL\IDAL.csproj", "{770EA0FB-B73D-4D43-957C-49B8548972B1}"
EndProject
Project("{FAE04EC0-301F-11D3-BF4B-00C04F79EFBC}") = "DAL", "DAL\DAL.csproj", "{632640EC-2F23-41E9-9ADE-B65466699AC9}"
EndProject
Project("{FAE04EC0-301F-11D3-BF4B-00C04F79EFBC}") = "BLL", "BLL\BLL.csproj", "{52F46187-5D52-40C6-A86C-024E92070CDF}"
EndProject
Project("{FAE04EC0-301F-11D3-BF4B-00C04F79EFBC}") = "MODEL", "MODEL\MODEL.csproj", "{3F68FFE9-B0E4-444D-8167-81407D354F3A}"
EndProject
Project("{2150E333-8FDC-42A3-9474-1A3956D46DE8}") = "Solution Items", "Solution Items", "{F4BF0CAD-17F1-4149-B26A-537BD34D8BB4}"
	ProjectSection(SolutionItems) = preProject
		.editorconfig = .editorconfig
	EndProjectSection
EndProject
Global
	GlobalSection(SolutionConfigurationPlatforms) = preSolution
		Debug|Any CPU = Debug|Any CPU
		Release|Any CPU = Release|Any CPU
	EndGlobalSection
	GlobalSection(ProjectConfigurationPlatforms) = postSolution
		{A5369B7F-5D38-44E4-B58F-EBBFF5804EAA}.Debug|Any CPU.ActiveCfg = Debug|Any CPU
		{A5369B7F-5D38-44E4-B58F-EBBFF5804EAA}.Debug|Any CPU.Build.0 = Debug|Any CPU
		{A5369B7F-5D38-44E4-B58F-EBBFF5804EAA}.Release|Any CPU.ActiveCfg = Release|Any CPU
		{A5369B7F-5D38-44E4-B58F-EBBFF5804EAA}.Release|Any CPU.Build.0 = Release|Any CPU
		{770EA0FB-B73D-4D43-957C-49B8548972B1}.Debug|Any CPU.ActiveCfg = Debug|Any CPU
		{770EA0FB-B73D-4D43-957C-49B8548972B1}.Debug|Any CPU.Build.0 = Debug|Any CPU
		{770EA0FB-B73D-4D43-957C-49B8548972B1}.Release|Any CPU.ActiveCfg = Release|Any CPU
		{770EA0FB-B73D-4D43-957C-49B8548972B1}.Release|Any CPU.Build.0 = Release|Any CPU
		{632640EC-2F23-41E9-9ADE-B65466699AC9}.Debug|Any CPU.ActiveCfg = Debug|Any CPU
		{632640EC-2F23-41E9-9ADE-B65466699AC9}.Debug|Any CPU.Build.0 = Debug|Any CPU
		{632640EC-2F23-41E9-9ADE-B65466699AC9}.Release|Any CPU.ActiveCfg = Release|Any CPU
		{632640EC-2F23-41E9-9ADE-B65466699AC9}.Release|Any CPU.Build.0 = Release|Any CPU
		{52F46187-5D52-40C6-A86C-024E92070CDF}.Debug|Any CPU.ActiveCfg = Debug|Any CPU
		{52F46187-5D52-40C6-A86C-024E92070CDF}.Debug|Any CPU.Build.0 = Debug|Any CPU
		{52F46187-5D52-40C6-A86C-024E92070CDF}.Release|Any CPU.ActiveCfg = Release|Any CPU
		{52F46187-5D52-40C6-A86C-024E92070CDF}.Release|Any CPU.Build.0 = Release|Any CPU
		{3F68FFE9-B0E4-444D-8167-81407D354F3A}.Debug|Any CPU.ActiveCfg = Debug|Any CPU
		{3F68FFE9-B0E4-444D-8167-81407D354F3A}.Debug|Any CPU.Build.0 = Debug|Any CPU
		{3F68FFE9-B0E4-444D-8167-81407D354F3A}.Release|Any CPU.ActiveCfg = Release|Any CPU
		{3F68FFE9-B0E4-444D-8167-81407D354F3A}.Release|Any CPU.Build.0 = Release|Any CPU
	EndGlobalSection
	GlobalSection(SolutionProperties) = preSolution
		HideSolutionNode = FALSE
	EndGlobalSection
	GlobalSection(ExtensibilityGlobals) = postSolution
		SolutionGuid = {74C2FFA3-A69E-4667-9407-2EB788D92737}
	EndGlobalSection
EndGlobal
